
Microsoft Visual Studio Solution File, Format Version 12.00
# Visual Studio Version 16
VisualStudioVersion = 16.0.30611.23
MinimumVisualStudioVersion = 10.0.40219.1
Project("{FAE04EC0-301F-11D3-BF4B-00C04F79EFBC}") = "GUI_Calculator", "GUI_Calculator\GUI_Calculator.csproj", "{846B759D-0F1E-492B-83C9-B801B0445508}"
EndProject
Global
	GlobalSection(SolutionConfigurationPlatforms) = preSolution
		Debug|Any CPU = Debug|Any CPU
		Release|Any CPU = Release|Any CPU
	EndGlobalSection
	GlobalSection(ProjectConfigurationPlatforms) = postSolution
		{846B759D-0F1E-492B-83C9-B801B0445508}.Debug|Any CPU.ActiveCfg = Debug|Any CPU
		{846B759D-0F1E-492B-83C9-B801B0445508}.Debug|Any CPU.Build.0 = Debug|Any CPU
		{846B759D-0F1E-492B-83C9-B801B0445508}.Release|Any CPU.ActiveCfg = Release|Any CPU
		{846B759D-0F1E-492B-83C9-B801B0445508}.Release|Any CPU.Build.0 = Release|Any CPU
	EndGlobalSection
	GlobalSection(SolutionProperties) = preSolution
		HideSolutionNode = FALSE
	EndGlobalSection
	GlobalSection(ExtensibilityGlobals) = postSolution
		SolutionGuid = {6AD5D2F0-5D87-4751-B5EF-6E0D45A91D60}
	EndGlobalSection
EndGlobal
